
Microsoft Visual Studio Solution File, Format Version 12.00
# Visual Studio Version 16
VisualStudioVersion = 16.0.28803.452
MinimumVisualStudioVersion = 15.0.26124.0
Project("{9A19103F-16F7-4668-BE54-9A1E7A4F7556}") = "stp-web-api", "stp-web-api\stp-web-api.csproj", "{2313D6F6-9066-4FC6-AC23-51986D6CF79C}"
EndProject
Project("{FAE04EC0-301F-11D3-BF4B-00C04F79EFBC}") = "stp.data", "stp.data\stp.data.csproj", "{26E71664-5B78-4F0F-BAF1-8B622D6058DC}"
EndProject
Global
	GlobalSection(SolutionConfigurationPlatforms) = preSolution
		Debug|Any CPU = Debug|Any CPU
		Debug|x64 = Debug|x64
		Debug|x86 = Debug|x86
		Release|Any CPU = Release|Any CPU
		Release|x64 = Release|x64
		Release|x86 = Release|x86
	EndGlobalSection
	GlobalSection(ProjectConfigurationPlatforms) = postSolution
		{2313D6F6-9066-4FC6-AC23-51986D6CF79C}.Debug|Any CPU.ActiveCfg = Debug|Any CPU
		{2313D6F6-9066-4FC6-AC23-51986D6CF79C}.Debug|Any CPU.Build.0 = Debug|Any CPU
		{2313D6F6-9066-4FC6-AC23-51986D6CF79C}.Debug|x64.ActiveCfg = Debug|Any CPU
		{2313D6F6-9066-4FC6-AC23-51986D6CF79C}.Debug|x64.Build.0 = Debug|Any CPU
		{2313D6F6-9066-4FC6-AC23-51986D6CF79C}.Debug|x86.ActiveCfg = Debug|Any CPU
		{2313D6F6-9066-4FC6-AC23-51986D6CF79C}.Debug|x86.Build.0 = Debug|Any CPU
		{2313D6F6-9066-4FC6-AC23-51986D6CF79C}.Release|Any CPU.ActiveCfg = Release|Any CPU
		{2313D6F6-9066-4FC6-AC23-51986D6CF79C}.Release|Any CPU.Build.0 = Release|Any CPU
		{2313D6F6-9066-4FC6-AC23-51986D6CF79C}.Release|x64.ActiveCfg = Release|Any CPU
		{2313D6F6-9066-4FC6-AC23-51986D6CF79C}.Release|x64.Build.0 = Release|Any CPU
		{2313D6F6-9066-4FC6-AC23-51986D6CF79C}.Release|x86.ActiveCfg = Release|Any CPU
		{2313D6F6-9066-4FC6-AC23-51986D6CF79C}.Release|x86.Build.0 = Release|Any CPU
		{26E71664-5B78-4F0F-BAF1-8B622D6058DC}.Debug|Any CPU.ActiveCfg = Debug|Any CPU
		{26E71664-5B78-4F0F-BAF1-8B622D6058DC}.Debug|Any CPU.Build.0 = Debug|Any CPU
		{26E71664-5B78-4F0F-BAF1-8B622D6058DC}.Debug|x64.ActiveCfg = Debug|Any CPU
		{26E71664-5B78-4F0F-BAF1-8B622D6058DC}.Debug|x64.Build.0 = Debug|Any CPU
		{26E71664-5B78-4F0F-BAF1-8B622D6058DC}.Debug|x86.ActiveCfg = Debug|Any CPU
		{26E71664-5B78-4F0F-BAF1-8B622D6058DC}.Debug|x86.Build.0 = Debug|Any CPU
		{26E71664-5B78-4F0F-BAF1-8B622D6058DC}.Release|Any CPU.ActiveCfg = Release|Any CPU
		{26E71664-5B78-4F0F-BAF1-8B622D6058DC}.Release|Any CPU.Build.0 = Release|Any CPU
		{26E71664-5B78-4F0F-BAF1-8B622D6058DC}.Release|x64.ActiveCfg = Release|Any CPU
		{26E71664-5B78-4F0F-BAF1-8B622D6058DC}.Release|x64.Build.0 = Release|Any CPU
		{26E71664-5B78-4F0F-BAF1-8B622D6058DC}.Release|x86.ActiveCfg = Release|Any CPU
		{26E71664-5B78-4F0F-BAF1-8B622D6058DC}.Release|x86.Build.0 = Release|Any CPU
	EndGlobalSection
	GlobalSection(SolutionProperties) = preSolution
		HideSolutionNode = FALSE
	EndGlobalSection
	GlobalSection(ExtensibilityGlobals) = postSolution
		SolutionGuid = {AAD5FEF9-01F7-4963-A071-CEEECB1C5079}
	EndGlobalSection
EndGlobal
